// !$*UTF8*$!
{
	archiveVersion = 1;
	classes = {
	};
	objectVersion = 56;
	objects = {

/* Begin PBXBuildFile section */
		143A733A2BEC7917008B46EB /* AppDelegate.swift in Sources */ = {isa = PBXBuildFile; fileRef = 143A73392BEC7917008B46EB /* AppDelegate.swift */; };
		143A733E2BEC7917008B46EB /* Main.html in Resources */ = {isa = PBXBuildFile; fileRef = 143A733C2BEC7917008B46EB /* Main.html */; };
		143A73402BEC7917008B46EB /* Icon.png in Resources */ = {isa = PBXBuildFile; fileRef = 143A733F2BEC7917008B46EB /* Icon.png */; };
		143A73422BEC7917008B46EB /* Style.css in Resources */ = {isa = PBXBuildFile; fileRef = 143A73412BEC7917008B46EB /* Style.css */; };
		143A73442BEC7917008B46EB /* Script.js in Resources */ = {isa = PBXBuildFile; fileRef = 143A73432BEC7917008B46EB /* Script.js */; };
		143A73462BEC7917008B46EB /* ViewController.swift in Sources */ = {isa = PBXBuildFile; fileRef = 143A73452BEC7917008B46EB /* ViewController.swift */; };
		143A73492BEC7917008B46EB /* Main.storyboard in Resources */ = {isa = PBXBuildFile; fileRef = 143A73472BEC7917008B46EB /* Main.storyboard */; };
		143A734B2BEC7917008B46EB /* Assets.xcassets in Resources */ = {isa = PBXBuildFile; fileRef = 143A734A2BEC7917008B46EB /* Assets.xcassets */; };
		143A73572BEC7918008B46EB /* techne_extensionTests.swift in Sources */ = {isa = PBXBuildFile; fileRef = 143A73562BEC7918008B46EB /* techne_extensionTests.swift */; };
		143A73612BEC7918008B46EB /* techne_extensionUITests.swift in Sources */ = {isa = PBXBuildFile; fileRef = 143A73602BEC7918008B46EB /* techne_extensionUITests.swift */; };
		143A73632BEC7918008B46EB /* techne_extensionUITestsLaunchTests.swift in Sources */ = {isa = PBXBuildFile; fileRef = 143A73622BEC7918008B46EB /* techne_extensionUITestsLaunchTests.swift */; };
		143A73692BEC7918008B46EB /* techne-extension Extension.appex in Embed Foundation Extensions */ = {isa = PBXBuildFile; fileRef = 143A73682BEC7918008B46EB /* techne-extension Extension.appex */; settings = {ATTRIBUTES = (RemoveHeadersOnCopy, ); }; };
		143A736E2BEC7918008B46EB /* SafariWebExtensionHandler.swift in Sources */ = {isa = PBXBuildFile; fileRef = 143A736D2BEC7918008B46EB /* SafariWebExtensionHandler.swift */; };
		143A73712BEC7918008B46EB /* _locales in Resources */ = {isa = PBXBuildFile; fileRef = 143A73702BEC7918008B46EB /* _locales */; };
		143A73732BEC7918008B46EB /* images in Resources */ = {isa = PBXBuildFile; fileRef = 143A73722BEC7918008B46EB /* images */; };
		143A73752BEC7918008B46EB /* manifest.json in Resources */ = {isa = PBXBuildFile; fileRef = 143A73742BEC7918008B46EB /* manifest.json */; };
		143A73792BEC7918008B46EB /* content.js in Resources */ = {isa = PBXBuildFile; fileRef = 143A73782BEC7918008B46EB /* content.js */; };
		143A737B2BEC7918008B46EB /* popup.html in Resources */ = {isa = PBXBuildFile; fileRef = 143A737A2BEC7918008B46EB /* popup.html */; };
		143A737D2BEC7918008B46EB /* popup.css in Resources */ = {isa = PBXBuildFile; fileRef = 143A737C2BEC7918008B46EB /* popup.css */; };
		143A737F2BEC7918008B46EB /* popup.js in Resources */ = {isa = PBXBuildFile; fileRef = 143A737E2BEC7918008B46EB /* popup.js */; };
		143A73922BEC7FA0008B46EB /* background.js in Resources */ = {isa = PBXBuildFile; fileRef = 143A73912BEC7FA0008B46EB /* background.js */; };
/* End PBXBuildFile section */

/* Begin PBXContainerItemProxy section */
		143A73532BEC7918008B46EB /* PBXContainerItemProxy */ = {
			isa = PBXContainerItemProxy;
			containerPortal = 143A732E2BEC7917008B46EB /* Project object */;
			proxyType = 1;
			remoteGlobalIDString = 143A73352BEC7917008B46EB;
			remoteInfo = "techne-extension";
		};
		143A735D2BEC7918008B46EB /* PBXContainerItemProxy */ = {
			isa = PBXContainerItemProxy;
			containerPortal = 143A732E2BEC7917008B46EB /* Project object */;
			proxyType = 1;
			remoteGlobalIDString = 143A73352BEC7917008B46EB;
			remoteInfo = "techne-extension";
		};
		143A736A2BEC7918008B46EB /* PBXContainerItemProxy */ = {
			isa = PBXContainerItemProxy;
			containerPortal = 143A732E2BEC7917008B46EB /* Project object */;
			proxyType = 1;
			remoteGlobalIDString = 143A73672BEC7918008B46EB;
			remoteInfo = "techne-extension Extension";
		};
/* End PBXContainerItemProxy section */

/* Begin PBXCopyFilesBuildPhase section */
		143A73872BEC7918008B46EB /* Embed Foundation Extensions */ = {
			isa = PBXCopyFilesBuildPhase;
			buildActionMask = 2147483647;
			dstPath = "";
			dstSubfolderSpec = 13;
			files = (
				143A73692BEC7918008B46EB /* techne-extension Extension.appex in Embed Foundation Extensions */,
			);
			name = "Embed Foundation Extensions";
			runOnlyForDeploymentPostprocessing = 0;
		};
/* End PBXCopyFilesBuildPhase section */

/* Begin PBXFileReference section */
		143A73362BEC7917008B46EB /* techne-extension.app */ = {isa = PBXFileReference; explicitFileType = wrapper.application; includeInIndex = 0; path = "techne-extension.app"; sourceTree = BUILT_PRODUCTS_DIR; };
		143A73392BEC7917008B46EB /* AppDelegate.swift */ = {isa = PBXFileReference; lastKnownFileType = sourcecode.swift; path = AppDelegate.swift; sourceTree = "<group>"; };
		143A733D2BEC7917008B46EB /* Base */ = {isa = PBXFileReference; lastKnownFileType = text.html; name = Base; path = ../Base.lproj/Main.html; sourceTree = "<group>"; };
		143A733F2BEC7917008B46EB /* Icon.png */ = {isa = PBXFileReference; lastKnownFileType = image.png; path = Icon.png; sourceTree = "<group>"; };
		143A73412BEC7917008B46EB /* Style.css */ = {isa = PBXFileReference; lastKnownFileType = text.css; path = Style.css; sourceTree = "<group>"; };
		143A73432BEC7917008B46EB /* Script.js */ = {isa = PBXFileReference; lastKnownFileType = sourcecode.javascript; path = Script.js; sourceTree = "<group>"; };
		143A73452BEC7917008B46EB /* ViewController.swift */ = {isa = PBXFileReference; lastKnownFileType = sourcecode.swift; path = ViewController.swift; sourceTree = "<group>"; };
		143A73482BEC7917008B46EB /* Base */ = {isa = PBXFileReference; lastKnownFileType = file.storyboard; name = Base; path = Base.lproj/Main.storyboard; sourceTree = "<group>"; };
		143A734A2BEC7917008B46EB /* Assets.xcassets */ = {isa = PBXFileReference; lastKnownFileType = folder.assetcatalog; path = Assets.xcassets; sourceTree = "<group>"; };
		143A734C2BEC7917008B46EB /* techne_extension.entitlements */ = {isa = PBXFileReference; lastKnownFileType = text.plist.entitlements; path = techne_extension.entitlements; sourceTree = "<group>"; };
		143A734D2BEC7917008B46EB /* techne-extension.entitlements */ = {isa = PBXFileReference; lastKnownFileType = text.plist.entitlements; path = "techne-extension.entitlements"; sourceTree = "<group>"; };
		143A73522BEC7918008B46EB /* techne-extensionTests.xctest */ = {isa = PBXFileReference; explicitFileType = wrapper.cfbundle; includeInIndex = 0; path = "techne-extensionTests.xctest"; sourceTree = BUILT_PRODUCTS_DIR; };
		143A73562BEC7918008B46EB /* techne_extensionTests.swift */ = {isa = PBXFileReference; lastKnownFileType = sourcecode.swift; path = techne_extensionTests.swift; sourceTree = "<group>"; };
		143A735C2BEC7918008B46EB /* techne-extensionUITests.xctest */ = {isa = PBXFileReference; explicitFileType = wrapper.cfbundle; includeInIndex = 0; path = "techne-extensionUITests.xctest"; sourceTree = BUILT_PRODUCTS_DIR; };
		143A73602BEC7918008B46EB /* techne_extensionUITests.swift */ = {isa = PBXFileReference; lastKnownFileType = sourcecode.swift; path = techne_extensionUITests.swift; sourceTree = "<group>"; };
		143A73622BEC7918008B46EB /* techne_extensionUITestsLaunchTests.swift */ = {isa = PBXFileReference; lastKnownFileType = sourcecode.swift; path = techne_extensionUITestsLaunchTests.swift; sourceTree = "<group>"; };
		143A73682BEC7918008B46EB /* techne-extension Extension.appex */ = {isa = PBXFileReference; explicitFileType = "wrapper.app-extension"; includeInIndex = 0; path = "techne-extension Extension.appex"; sourceTree = BUILT_PRODUCTS_DIR; };
		143A736D2BEC7918008B46EB /* SafariWebExtensionHandler.swift */ = {isa = PBXFileReference; lastKnownFileType = sourcecode.swift; path = SafariWebExtensionHandler.swift; sourceTree = "<group>"; };
		143A73702BEC7918008B46EB /* _locales */ = {isa = PBXFileReference; lastKnownFileType = folder; path = _locales; sourceTree = "<group>"; };
		143A73722BEC7918008B46EB /* images */ = {isa = PBXFileReference; lastKnownFileType = folder; path = images; sourceTree = "<group>"; };
		143A73742BEC7918008B46EB /* manifest.json */ = {isa = PBXFileReference; lastKnownFileType = text.json; path = manifest.json; sourceTree = "<group>"; };
		143A73782BEC7918008B46EB /* content.js */ = {isa = PBXFileReference; lastKnownFileType = sourcecode.javascript; path = content.js; sourceTree = "<group>"; };
		143A737A2BEC7918008B46EB /* popup.html */ = {isa = PBXFileReference; lastKnownFileType = text.html; path = popup.html; sourceTree = "<group>"; };
		143A737C2BEC7918008B46EB /* popup.css */ = {isa = PBXFileReference; lastKnownFileType = text.css; path = popup.css; sourceTree = "<group>"; };
		143A737E2BEC7918008B46EB /* popup.js */ = {isa = PBXFileReference; lastKnownFileType = sourcecode.javascript; path = popup.js; sourceTree = "<group>"; };
		143A73802BEC7918008B46EB /* Info.plist */ = {isa = PBXFileReference; lastKnownFileType = text.plist.xml; path = Info.plist; sourceTree = "<group>"; };
		143A73812BEC7918008B46EB /* techne_extension_Extension.entitlements */ = {isa = PBXFileReference; lastKnownFileType = text.plist.entitlements; path = techne_extension_Extension.entitlements; sourceTree = "<group>"; };
		143A73912BEC7FA0008B46EB /* background.js */ = {isa = PBXFileReference; fileEncoding = 4; lastKnownFileType = sourcecode.javascript; path = background.js; sourceTree = "<group>"; };
/* End PBXFileReference section */

/* Begin PBXFrameworksBuildPhase section */
		143A73332BEC7917008B46EB /* Frameworks */ = {
			isa = PBXFrameworksBuildPhase;
			buildActionMask = 2147483647;
			files = (
			);
			runOnlyForDeploymentPostprocessing = 0;
		};
		143A734F2BEC7918008B46EB /* Frameworks */ = {
			isa = PBXFrameworksBuildPhase;
			buildActionMask = 2147483647;
			files = (
			);
			runOnlyForDeploymentPostprocessing = 0;
		};
		143A73592BEC7918008B46EB /* Frameworks */ = {
			isa = PBXFrameworksBuildPhase;
			buildActionMask = 2147483647;
			files = (
			);
			runOnlyForDeploymentPostprocessing = 0;
		};
		143A73652BEC7918008B46EB /* Frameworks */ = {
			isa = PBXFrameworksBuildPhase;
			buildActionMask = 2147483647;
			files = (
			);
			runOnlyForDeploymentPostprocessing = 0;
		};
/* End PBXFrameworksBuildPhase section */

/* Begin PBXGroup section */
		143A732D2BEC7917008B46EB = {
			isa = PBXGroup;
			children = (
				143A73382BEC7917008B46EB /* techne-extension */,
				143A73552BEC7918008B46EB /* techne-extensionTests */,
				143A735F2BEC7918008B46EB /* techne-extensionUITests */,
				143A736C2BEC7918008B46EB /* techne-extension Extension */,
				143A73372BEC7917008B46EB /* Products */,
			);
			sourceTree = "<group>";
		};
		143A73372BEC7917008B46EB /* Products */ = {
			isa = PBXGroup;
			children = (
				143A73362BEC7917008B46EB /* techne-extension.app */,
				143A73522BEC7918008B46EB /* techne-extensionTests.xctest */,
				143A735C2BEC7918008B46EB /* techne-extensionUITests.xctest */,
				143A73682BEC7918008B46EB /* techne-extension Extension.appex */,
			);
			name = Products;
			sourceTree = "<group>";
		};
		143A73382BEC7917008B46EB /* techne-extension */ = {
			isa = PBXGroup;
			children = (
				143A73392BEC7917008B46EB /* AppDelegate.swift */,
				143A73452BEC7917008B46EB /* ViewController.swift */,
				143A73472BEC7917008B46EB /* Main.storyboard */,
				143A734A2BEC7917008B46EB /* Assets.xcassets */,
				143A734C2BEC7917008B46EB /* techne_extension.entitlements */,
				143A734D2BEC7917008B46EB /* techne-extension.entitlements */,
				143A733B2BEC7917008B46EB /* Resources */,
			);
			path = "techne-extension";
			sourceTree = "<group>";
		};
		143A733B2BEC7917008B46EB /* Resources */ = {
			isa = PBXGroup;
			children = (
				143A733C2BEC7917008B46EB /* Main.html */,
				143A733F2BEC7917008B46EB /* Icon.png */,
				143A73412BEC7917008B46EB /* Style.css */,
				143A73432BEC7917008B46EB /* Script.js */,
			);
			path = Resources;
			sourceTree = "<group>";
		};
		143A73552BEC7918008B46EB /* techne-extensionTests */ = {
			isa = PBXGroup;
			children = (
				143A73562BEC7918008B46EB /* techne_extensionTests.swift */,
			);
			path = "techne-extensionTests";
			sourceTree = "<group>";
		};
		143A735F2BEC7918008B46EB /* techne-extensionUITests */ = {
			isa = PBXGroup;
			children = (
				143A73602BEC7918008B46EB /* techne_extensionUITests.swift */,
				143A73622BEC7918008B46EB /* techne_extensionUITestsLaunchTests.swift */,
			);
			path = "techne-extensionUITests";
			sourceTree = "<group>";
		};
		143A736C2BEC7918008B46EB /* techne-extension Extension */ = {
			isa = PBXGroup;
			children = (
				143A736D2BEC7918008B46EB /* SafariWebExtensionHandler.swift */,
				143A73802BEC7918008B46EB /* Info.plist */,
				143A73812BEC7918008B46EB /* techne_extension_Extension.entitlements */,
				143A736F2BEC7918008B46EB /* Resources */,
			);
			path = "techne-extension Extension";
			sourceTree = "<group>";
		};
		143A736F2BEC7918008B46EB /* Resources */ = {
			isa = PBXGroup;
			children = (
				143A73912BEC7FA0008B46EB /* background.js */,
				143A73702BEC7918008B46EB /* _locales */,
				143A73722BEC7918008B46EB /* images */,
				143A73742BEC7918008B46EB /* manifest.json */,
				143A73782BEC7918008B46EB /* content.js */,
				143A737A2BEC7918008B46EB /* popup.html */,
				143A737C2BEC7918008B46EB /* popup.css */,
				143A737E2BEC7918008B46EB /* popup.js */,
			);
			path = Resources;
			sourceTree = "<group>";
		};
/* End PBXGroup section */

/* Begin PBXNativeTarget section */
		143A73352BEC7917008B46EB /* techne-extension */ = {
			isa = PBXNativeTarget;
			buildConfigurationList = 143A73882BEC7918008B46EB /* Build configuration list for PBXNativeTarget "techne-extension" */;
			buildPhases = (
				143A73322BEC7917008B46EB /* Sources */,
				143A73332BEC7917008B46EB /* Frameworks */,
				143A73342BEC7917008B46EB /* Resources */,
				143A73872BEC7918008B46EB /* Embed Foundation Extensions */,
			);
			buildRules = (
			);
			dependencies = (
				143A736B2BEC7918008B46EB /* PBXTargetDependency */,
			);
			name = "techne-extension";
			productName = "techne-extension";
			productReference = 143A73362BEC7917008B46EB /* techne-extension.app */;
			productType = "com.apple.product-type.application";
		};
		143A73512BEC7918008B46EB /* techne-extensionTests */ = {
			isa = PBXNativeTarget;
			buildConfigurationList = 143A738B2BEC7918008B46EB /* Build configuration list for PBXNativeTarget "techne-extensionTests" */;
			buildPhases = (
				143A734E2BEC7918008B46EB /* Sources */,
				143A734F2BEC7918008B46EB /* Frameworks */,
				143A73502BEC7918008B46EB /* Resources */,
			);
			buildRules = (
			);
			dependencies = (
				143A73542BEC7918008B46EB /* PBXTargetDependency */,
			);
			name = "techne-extensionTests";
			productName = "techne-extensionTests";
			productReference = 143A73522BEC7918008B46EB /* techne-extensionTests.xctest */;
			productType = "com.apple.product-type.bundle.unit-test";
		};
		143A735B2BEC7918008B46EB /* techne-extensionUITests */ = {
			isa = PBXNativeTarget;
			buildConfigurationList = 143A738E2BEC7918008B46EB /* Build configuration list for PBXNativeTarget "techne-extensionUITests" */;
			buildPhases = (
				143A73582BEC7918008B46EB /* Sources */,
				143A73592BEC7918008B46EB /* Frameworks */,
				143A735A2BEC7918008B46EB /* Resources */,
			);
			buildRules = (
			);
			dependencies = (
				143A735E2BEC7918008B46EB /* PBXTargetDependency */,
			);
			name = "techne-extensionUITests";
			productName = "techne-extensionUITests";
			productReference = 143A735C2BEC7918008B46EB /* techne-extensionUITests.xctest */;
			productType = "com.apple.product-type.bundle.ui-testing";
		};
		143A73672BEC7918008B46EB /* techne-extension Extension */ = {
			isa = PBXNativeTarget;
			buildConfigurationList = 143A73842BEC7918008B46EB /* Build configuration list for PBXNativeTarget "techne-extension Extension" */;
			buildPhases = (
				143A73642BEC7918008B46EB /* Sources */,
				143A73652BEC7918008B46EB /* Frameworks */,
				143A73662BEC7918008B46EB /* Resources */,
			);
			buildRules = (
			);
			dependencies = (
			);
			name = "techne-extension Extension";
			productName = "techne-extension Extension";
			productReference = 143A73682BEC7918008B46EB /* techne-extension Extension.appex */;
			productType = "com.apple.product-type.app-extension";
		};
/* End PBXNativeTarget section */

/* Begin PBXProject section */
		143A732E2BEC7917008B46EB /* Project object */ = {
			isa = PBXProject;
			attributes = {
				BuildIndependentTargetsInParallel = 1;
				LastSwiftUpdateCheck = 1500;
				LastUpgradeCheck = 1500;
				TargetAttributes = {
					143A73352BEC7917008B46EB = {
						CreatedOnToolsVersion = 15.0.1;
					};
					143A73512BEC7918008B46EB = {
						CreatedOnToolsVersion = 15.0.1;
						TestTargetID = 143A73352BEC7917008B46EB;
					};
					143A735B2BEC7918008B46EB = {
						CreatedOnToolsVersion = 15.0.1;
						TestTargetID = 143A73352BEC7917008B46EB;
					};
					143A73672BEC7918008B46EB = {
						CreatedOnToolsVersion = 15.0.1;
					};
				};
			};
			buildConfigurationList = 143A73312BEC7917008B46EB /* Build configuration list for PBXProject "techne-extension" */;
			compatibilityVersion = "Xcode 14.0";
			developmentRegion = en;
			hasScannedForEncodings = 0;
			knownRegions = (
				en,
				Base,
			);
			mainGroup = 143A732D2BEC7917008B46EB;
			productRefGroup = 143A73372BEC7917008B46EB /* Products */;
			projectDirPath = "";
			projectRoot = "";
			targets = (
				143A73352BEC7917008B46EB /* techne-extension */,
				143A73512BEC7918008B46EB /* techne-extensionTests */,
				143A735B2BEC7918008B46EB /* techne-extensionUITests */,
				143A73672BEC7918008B46EB /* techne-extension Extension */,
			);
		};
/* End PBXProject section */

/* Begin PBXResourcesBuildPhase section */
		143A73342BEC7917008B46EB /* Resources */ = {
			isa = PBXResourcesBuildPhase;
			buildActionMask = 2147483647;
			files = (
				143A73402BEC7917008B46EB /* Icon.png in Resources */,
				143A73492BEC7917008B46EB /* Main.storyboard in Resources */,
				143A73442BEC7917008B46EB /* Script.js in Resources */,
				143A733E2BEC7917008B46EB /* Main.html in Resources */,
				143A734B2BEC7917008B46EB /* Assets.xcassets in Resources */,
				143A73422BEC7917008B46EB /* Style.css in Resources */,
			);
			runOnlyForDeploymentPostprocessing = 0;
		};
		143A73502BEC7918008B46EB /* Resources */ = {
			isa = PBXResourcesBuildPhase;
			buildActionMask = 2147483647;
			files = (
			);
			runOnlyForDeploymentPostprocessing = 0;
		};
		143A735A2BEC7918008B46EB /* Resources */ = {
			isa = PBXResourcesBuildPhase;
			buildActionMask = 2147483647;
			files = (
			);
			runOnlyForDeploymentPostprocessing = 0;
		};
		143A73662BEC7918008B46EB /* Resources */ = {
			isa = PBXResourcesBuildPhase;
			buildActionMask = 2147483647;
			files = (
				143A73922BEC7FA0008B46EB /* background.js in Resources */,
				143A737D2BEC7918008B46EB /* popup.css in Resources */,
				143A737B2BEC7918008B46EB /* popup.html in Resources */,
				143A73732BEC7918008B46EB /* images in Resources */,
				143A73752BEC7918008B46EB /* manifest.json in Resources */,
				143A73712BEC7918008B46EB /* _locales in Resources */,
				143A73792BEC7918008B46EB /* content.js in Resources */,
				143A737F2BEC7918008B46EB /* popup.js in Resources */,
			);
			runOnlyForDeploymentPostprocessing = 0;
		};
/* End PBXResourcesBuildPhase section */

/* Begin PBXSourcesBuildPhase section */
		143A73322BEC7917008B46EB /* Sources */ = {
			isa = PBXSourcesBuildPhase;
			buildActionMask = 2147483647;
			files = (
				143A73462BEC7917008B46EB /* ViewController.swift in Sources */,
				143A733A2BEC7917008B46EB /* AppDelegate.swift in Sources */,
			);
			runOnlyForDeploymentPostprocessing = 0;
		};
		143A734E2BEC7918008B46EB /* Sources */ = {
			isa = PBXSourcesBuildPhase;
			buildActionMask = 2147483647;
			files = (
				143A73572BEC7918008B46EB /* techne_extensionTests.swift in Sources */,
			);
			runOnlyForDeploymentPostprocessing = 0;
		};
		143A73582BEC7918008B46EB /* Sources */ = {
			isa = PBXSourcesBuildPhase;
			buildActionMask = 2147483647;
			files = (
				143A73612BEC7918008B46EB /* techne_extensionUITests.swift in Sources */,
				143A73632BEC7918008B46EB /* techne_extensionUITestsLaunchTests.swift in Sources */,
			);
			runOnlyForDeploymentPostprocessing = 0;
		};
		143A73642BEC7918008B46EB /* Sources */ = {
			isa = PBXSourcesBuildPhase;
			buildActionMask = 2147483647;
			files = (
				143A736E2BEC7918008B46EB /* SafariWebExtensionHandler.swift in Sources */,
			);
			runOnlyForDeploymentPostprocessing = 0;
		};
/* End PBXSourcesBuildPhase section */

/* Begin PBXTargetDependency section */
		143A73542BEC7918008B46EB /* PBXTargetDependency */ = {
			isa = PBXTargetDependency;
			target = 143A73352BEC7917008B46EB /* techne-extension */;
			targetProxy = 143A73532BEC7918008B46EB /* PBXContainerItemProxy */;
		};
		143A735E2BEC7918008B46EB /* PBXTargetDependency */ = {
			isa = PBXTargetDependency;
			target = 143A73352BEC7917008B46EB /* techne-extension */;
			targetProxy = 143A735D2BEC7918008B46EB /* PBXContainerItemProxy */;
		};
		143A736B2BEC7918008B46EB /* PBXTargetDependency */ = {
			isa = PBXTargetDependency;
			target = 143A73672BEC7918008B46EB /* techne-extension Extension */;
			targetProxy = 143A736A2BEC7918008B46EB /* PBXContainerItemProxy */;
		};
/* End PBXTargetDependency section */

/* Begin PBXVariantGroup section */
		143A733C2BEC7917008B46EB /* Main.html */ = {
			isa = PBXVariantGroup;
			children = (
				143A733D2BEC7917008B46EB /* Base */,
			);
			name = Main.html;
			sourceTree = "<group>";
		};
		143A73472BEC7917008B46EB /* Main.storyboard */ = {
			isa = PBXVariantGroup;
			children = (
				143A73482BEC7917008B46EB /* Base */,
			);
			name = Main.storyboard;
			sourceTree = "<group>";
		};
/* End PBXVariantGroup section */

/* Begin XCBuildConfiguration section */
		143A73822BEC7918008B46EB /* Debug */ = {
			isa = XCBuildConfiguration;
			buildSettings = {
				ALWAYS_SEARCH_USER_PATHS = NO;
				ASSETCATALOG_COMPILER_GENERATE_SWIFT_ASSET_SYMBOL_EXTENSIONS = YES;
				CLANG_ANALYZER_NONNULL = YES;
				CLANG_ANALYZER_NUMBER_OBJECT_CONVERSION = YES_AGGRESSIVE;
				CLANG_CXX_LANGUAGE_STANDARD = "gnu++20";
				CLANG_ENABLE_MODULES = YES;
				CLANG_ENABLE_OBJC_ARC = YES;
				CLANG_ENABLE_OBJC_WEAK = YES;
				CLANG_WARN_BLOCK_CAPTURE_AUTORELEASING = YES;
				CLANG_WARN_BOOL_CONVERSION = YES;
				CLANG_WARN_COMMA = YES;
				CLANG_WARN_CONSTANT_CONVERSION = YES;
				CLANG_WARN_DEPRECATED_OBJC_IMPLEMENTATIONS = YES;
				CLANG_WARN_DIRECT_OBJC_ISA_USAGE = YES_ERROR;
				CLANG_WARN_DOCUMENTATION_COMMENTS = YES;
				CLANG_WARN_EMPTY_BODY = YES;
				CLANG_WARN_ENUM_CONVERSION = YES;
				CLANG_WARN_INFINITE_RECURSION = YES;
				CLANG_WARN_INT_CONVERSION = YES;
				CLANG_WARN_NON_LITERAL_NULL_CONVERSION = YES;
				CLANG_WARN_OBJC_IMPLICIT_RETAIN_SELF = YES;
				CLANG_WARN_OBJC_LITERAL_CONVERSION = YES;
				CLANG_WARN_OBJC_ROOT_CLASS = YES_ERROR;
				CLANG_WARN_QUOTED_INCLUDE_IN_FRAMEWORK_HEADER = YES;
				CLANG_WARN_RANGE_LOOP_ANALYSIS = YES;
				CLANG_WARN_STRICT_PROTOTYPES = YES;
				CLANG_WARN_SUSPICIOUS_MOVE = YES;
				CLANG_WARN_UNGUARDED_AVAILABILITY = YES_AGGRESSIVE;
				CLANG_WARN_UNREACHABLE_CODE = YES;
				CLANG_WARN__DUPLICATE_METHOD_MATCH = YES;
				COPY_PHASE_STRIP = NO;
				DEBUG_INFORMATION_FORMAT = dwarf;
				ENABLE_STRICT_OBJC_MSGSEND = YES;
				ENABLE_TESTABILITY = YES;
				ENABLE_USER_SCRIPT_SANDBOXING = YES;
				GCC_C_LANGUAGE_STANDARD = gnu17;
				GCC_DYNAMIC_NO_PIC = NO;
				GCC_NO_COMMON_BLOCKS = YES;
				GCC_OPTIMIZATION_LEVEL = 0;
				GCC_PREPROCESSOR_DEFINITIONS = (
					"DEBUG=1",
					"$(inherited)",
				);
				GCC_WARN_64_TO_32_BIT_CONVERSION = YES;
				GCC_WARN_ABOUT_RETURN_TYPE = YES_ERROR;
				GCC_WARN_UNDECLARED_SELECTOR = YES;
				GCC_WARN_UNINITIALIZED_AUTOS = YES_AGGRESSIVE;
				GCC_WARN_UNUSED_FUNCTION = YES;
				GCC_WARN_UNUSED_VARIABLE = YES;
				LOCALIZATION_PREFERS_STRING_CATALOGS = YES;
				MACOSX_DEPLOYMENT_TARGET = 14.0;
				MTL_ENABLE_DEBUG_INFO = INCLUDE_SOURCE;
				MTL_FAST_MATH = YES;
				ONLY_ACTIVE_ARCH = YES;
				SDKROOT = macosx;
				SWIFT_ACTIVE_COMPILATION_CONDITIONS = "DEBUG $(inherited)";
				SWIFT_OPTIMIZATION_LEVEL = "-Onone";
			};
			name = Debug;
		};
		143A73832BEC7918008B46EB /* Release */ = {
			isa = XCBuildConfiguration;
			buildSettings = {
				ALWAYS_SEARCH_USER_PATHS = NO;
				ASSETCATALOG_COMPILER_GENERATE_SWIFT_ASSET_SYMBOL_EXTENSIONS = YES;
				CLANG_ANALYZER_NONNULL = YES;
				CLANG_ANALYZER_NUMBER_OBJECT_CONVERSION = YES_AGGRESSIVE;
				CLANG_CXX_LANGUAGE_STANDARD = "gnu++20";
				CLANG_ENABLE_MODULES = YES;
				CLANG_ENABLE_OBJC_ARC = YES;
				CLANG_ENABLE_OBJC_WEAK = YES;
				CLANG_WARN_BLOCK_CAPTURE_AUTORELEASING = YES;
				CLANG_WARN_BOOL_CONVERSION = YES;
				CLANG_WARN_COMMA = YES;
				CLANG_WARN_CONSTANT_CONVERSION = YES;
				CLANG_WARN_DEPRECATED_OBJC_IMPLEMENTATIONS = YES;
				CLANG_WARN_DIRECT_OBJC_ISA_USAGE = YES_ERROR;
				CLANG_WARN_DOCUMENTATION_COMMENTS = YES;
				CLANG_WARN_EMPTY_BODY = YES;
				CLANG_WARN_ENUM_CONVERSION = YES;
				CLANG_WARN_INFINITE_RECURSION = YES;
				CLANG_WARN_INT_CONVERSION = YES;
				CLANG_WARN_NON_LITERAL_NULL_CONVERSION = YES;
				CLANG_WARN_OBJC_IMPLICIT_RETAIN_SELF = YES;
				CLANG_WARN_OBJC_LITERAL_CONVERSION = YES;
				CLANG_WARN_OBJC_ROOT_CLASS = YES_ERROR;
				CLANG_WARN_QUOTED_INCLUDE_IN_FRAMEWORK_HEADER = YES;
				CLANG_WARN_RANGE_LOOP_ANALYSIS = YES;
				CLANG_WARN_STRICT_PROTOTYPES = YES;
				CLANG_WARN_SUSPICIOUS_MOVE = YES;
				CLANG_WARN_UNGUARDED_AVAILABILITY = YES_AGGRESSIVE;
				CLANG_WARN_UNREACHABLE_CODE = YES;
				CLANG_WARN__DUPLICATE_METHOD_MATCH = YES;
				COPY_PHASE_STRIP = NO;
				DEBUG_INFORMATION_FORMAT = "dwarf-with-dsym";
				ENABLE_NS_ASSERTIONS = NO;
				ENABLE_STRICT_OBJC_MSGSEND = YES;
				ENABLE_USER_SCRIPT_SANDBOXING = YES;
				GCC_C_LANGUAGE_STANDARD = gnu17;
				GCC_NO_COMMON_BLOCKS = YES;
				GCC_WARN_64_TO_32_BIT_CONVERSION = YES;
				GCC_WARN_ABOUT_RETURN_TYPE = YES_ERROR;
				GCC_WARN_UNDECLARED_SELECTOR = YES;
				GCC_WARN_UNINITIALIZED_AUTOS = YES_AGGRESSIVE;
				GCC_WARN_UNUSED_FUNCTION = YES;
				GCC_WARN_UNUSED_VARIABLE = YES;
				LOCALIZATION_PREFERS_STRING_CATALOGS = YES;
				MACOSX_DEPLOYMENT_TARGET = 14.0;
				MTL_ENABLE_DEBUG_INFO = NO;
				MTL_FAST_MATH = YES;
				SDKROOT = macosx;
				SWIFT_COMPILATION_MODE = wholemodule;
			};
			name = Release;
		};
		143A73852BEC7918008B46EB /* Debug */ = {
			isa = XCBuildConfiguration;
			buildSettings = {
				CODE_SIGN_ENTITLEMENTS = "techne-extension Extension/techne_extension_Extension.entitlements";
				CODE_SIGN_STYLE = Automatic;
				CURRENT_PROJECT_VERSION = 1;
				DEVELOPMENT_TEAM = 93BF834LPS;
				ENABLE_HARDENED_RUNTIME = YES;
				GENERATE_INFOPLIST_FILE = YES;
				INFOPLIST_FILE = "techne-extension Extension/Info.plist";
				INFOPLIST_KEY_CFBundleDisplayName = "techne-extension Extension";
				INFOPLIST_KEY_NSHumanReadableCopyright = "";
				LD_RUNPATH_SEARCH_PATHS = (
					"$(inherited)",
					"@executable_path/../Frameworks",
					"@executable_path/../../../../Frameworks",
				);
				MACOSX_DEPLOYMENT_TARGET = 10.14;
				MARKETING_VERSION = 1.0;
				OTHER_LDFLAGS = (
					"-framework",
					SafariServices,
				);
				PRODUCT_BUNDLE_IDENTIFIER = "today.myvillage.techne-extension.Extension";
				PRODUCT_NAME = "$(TARGET_NAME)";
				SKIP_INSTALL = YES;
				SWIFT_EMIT_LOC_STRINGS = YES;
				SWIFT_VERSION = 5.0;
			};
			name = Debug;
		};
		143A73862BEC7918008B46EB /* Release */ = {
			isa = XCBuildConfiguration;
			buildSettings = {
				CODE_SIGN_ENTITLEMENTS = "techne-extension Extension/techne_extension_Extension.entitlements";
				CODE_SIGN_STYLE = Automatic;
				CURRENT_PROJECT_VERSION = 1;
				DEVELOPMENT_TEAM = 93BF834LPS;
				ENABLE_HARDENED_RUNTIME = YES;
				GENERATE_INFOPLIST_FILE = YES;
				INFOPLIST_FILE = "techne-extension Extension/Info.plist";
				INFOPLIST_KEY_CFBundleDisplayName = "techne-extension Extension";
				INFOPLIST_KEY_NSHumanReadableCopyright = "";
				LD_RUNPATH_SEARCH_PATHS = (
					"$(inherited)",
					"@executable_path/../Frameworks",
					"@executable_path/../../../../Frameworks",
				);
				MACOSX_DEPLOYMENT_TARGET = 10.14;
				MARKETING_VERSION = 1.0;
				OTHER_LDFLAGS = (
					"-framework",
					SafariServices,
				);
				PRODUCT_BUNDLE_IDENTIFIER = "today.myvillage.techne-extension.Extension";
				PRODUCT_NAME = "$(TARGET_NAME)";
				SKIP_INSTALL = YES;
				SWIFT_EMIT_LOC_STRINGS = YES;
				SWIFT_VERSION = 5.0;
			};
			name = Release;
		};
		143A73892BEC7918008B46EB /* Debug */ = {
			isa = XCBuildConfiguration;
			buildSettings = {
				ALWAYS_EMBED_SWIFT_STANDARD_LIBRARIES = YES;
				ASSETCATALOG_COMPILER_APPICON_NAME = AppIcon;
				ASSETCATALOG_COMPILER_GLOBAL_ACCENT_COLOR_NAME = AccentColor;
				CODE_SIGN_ENTITLEMENTS = "techne-extension/techne-extension.entitlements";
				CODE_SIGN_STYLE = Automatic;
				COMBINE_HIDPI_IMAGES = YES;
				CURRENT_PROJECT_VERSION = 1;
				DEVELOPMENT_TEAM = 93BF834LPS;
				ENABLE_HARDENED_RUNTIME = YES;
				GENERATE_INFOPLIST_FILE = YES;
				INFOPLIST_KEY_CFBundleDisplayName = "techne-extension";
				INFOPLIST_KEY_NSHumanReadableCopyright = "";
				INFOPLIST_KEY_NSMainStoryboardFile = Main;
				INFOPLIST_KEY_NSPrincipalClass = NSApplication;
				LD_RUNPATH_SEARCH_PATHS = (
					"$(inherited)",
					"@executable_path/../Frameworks",
				);
				MACOSX_DEPLOYMENT_TARGET = 10.14;
				MARKETING_VERSION = 1.0;
				OTHER_LDFLAGS = (
					"-framework",
					SafariServices,
					"-framework",
					WebKit,
				);
				PRODUCT_BUNDLE_IDENTIFIER = "today.myvillage.techne-extension";
				PRODUCT_NAME = "$(TARGET_NAME)";
				SWIFT_EMIT_LOC_STRINGS = YES;
				SWIFT_VERSION = 5.0;
			};
			name = Debug;
		};
		143A738A2BEC7918008B46EB /* Release */ = {
			isa = XCBuildConfiguration;
			buildSettings = {
				ALWAYS_EMBED_SWIFT_STANDARD_LIBRARIES = YES;
				ASSETCATALOG_COMPILER_APPICON_NAME = AppIcon;
				ASSETCATALOG_COMPILER_GLOBAL_ACCENT_COLOR_NAME = AccentColor;
				CODE_SIGN_ENTITLEMENTS = "techne-extension/techne-extension.entitlements";
				CODE_SIGN_STYLE = Automatic;
				COMBINE_HIDPI_IMAGES = YES;
				CURRENT_PROJECT_VERSION = 1;
				DEVELOPMENT_TEAM = 93BF834LPS;
				ENABLE_HARDENED_RUNTIME = YES;
				GENERATE_INFOPLIST_FILE = YES;
				INFOPLIST_KEY_CFBundleDisplayName = "techne-extension";
				INFOPLIST_KEY_NSHumanReadableCopyright = "";
				INFOPLIST_KEY_NSMainStoryboardFile = Main;
				INFOPLIST_KEY_NSPrincipalClass = NSApplication;
				LD_RUNPATH_SEARCH_PATHS = (
					"$(inherited)",
					"@executable_path/../Frameworks",
				);
				MACOSX_DEPLOYMENT_TARGET = 10.14;
				MARKETING_VERSION = 1.0;
				OTHER_LDFLAGS = (
					"-framework",
					SafariServices,
					"-framework",
					WebKit,
				);
				PRODUCT_BUNDLE_IDENTIFIER = "today.myvillage.techne-extension";
				PRODUCT_NAME = "$(TARGET_NAME)";
				SWIFT_EMIT_LOC_STRINGS = YES;
				SWIFT_VERSION = 5.0;
			};
			name = Release;
		};
		143A738C2BEC7918008B46EB /* Debug */ = {
			isa = XCBuildConfiguration;
			buildSettings = {
				ALWAYS_EMBED_SWIFT_STANDARD_LIBRARIES = YES;
				BUNDLE_LOADER = "$(TEST_HOST)";
				CODE_SIGN_STYLE = Automatic;
				CURRENT_PROJECT_VERSION = 1;
				DEVELOPMENT_TEAM = 93BF834LPS;
				GENERATE_INFOPLIST_FILE = YES;
				MACOSX_DEPLOYMENT_TARGET = 10.14;
				MARKETING_VERSION = 1.0;
				PRODUCT_BUNDLE_IDENTIFIER = "today.myvillage.techne-extensionTests";
				PRODUCT_NAME = "$(TARGET_NAME)";
				SWIFT_EMIT_LOC_STRINGS = NO;
				SWIFT_VERSION = 5.0;
				TEST_HOST = "$(BUILT_PRODUCTS_DIR)/techne-extension.app/$(BUNDLE_EXECUTABLE_FOLDER_PATH)/techne-extension";
			};
			name = Debug;
		};
		143A738D2BEC7918008B46EB /* Release */ = {
			isa = XCBuildConfiguration;
			buildSettings = {
				ALWAYS_EMBED_SWIFT_STANDARD_LIBRARIES = YES;
				BUNDLE_LOADER = "$(TEST_HOST)";
				CODE_SIGN_STYLE = Automatic;
				CURRENT_PROJECT_VERSION = 1;
				DEVELOPMENT_TEAM = 93BF834LPS;
				GENERATE_INFOPLIST_FILE = YES;
				MACOSX_DEPLOYMENT_TARGET = 10.14;
				MARKETING_VERSION = 1.0;
				PRODUCT_BUNDLE_IDENTIFIER = "today.myvillage.techne-extensionTests";
				PRODUCT_NAME = "$(TARGET_NAME)";
				SWIFT_EMIT_LOC_STRINGS = NO;
				SWIFT_VERSION = 5.0;
				TEST_HOST = "$(BUILT_PRODUCTS_DIR)/techne-extension.app/$(BUNDLE_EXECUTABLE_FOLDER_PATH)/techne-extension";
			};
			name = Release;
		};
		143A738F2BEC7918008B46EB /* Debug */ = {
			isa = XCBuildConfiguration;
			buildSettings = {
				ALWAYS_EMBED_SWIFT_STANDARD_LIBRARIES = YES;
				CODE_SIGN_STYLE = Automatic;
				CURRENT_PROJECT_VERSION = 1;
				DEVELOPMENT_TEAM = 93BF834LPS;
				GENERATE_INFOPLIST_FILE = YES;
				MARKETING_VERSION = 1.0;
				PRODUCT_BUNDLE_IDENTIFIER = "today.myvillage.techne-extensionUITests";
				PRODUCT_NAME = "$(TARGET_NAME)";
				SWIFT_EMIT_LOC_STRINGS = NO;
				SWIFT_VERSION = 5.0;
				TEST_TARGET_NAME = "techne-extension";
			};
			name = Debug;
		};
		143A73902BEC7918008B46EB /* Release */ = {
			isa = XCBuildConfiguration;
			buildSettings = {
				ALWAYS_EMBED_SWIFT_STANDARD_LIBRARIES = YES;
				CODE_SIGN_STYLE = Automatic;
				CURRENT_PROJECT_VERSION = 1;
				DEVELOPMENT_TEAM = 93BF834LPS;
				GENERATE_INFOPLIST_FILE = YES;
				MARKETING_VERSION = 1.0;
				PRODUCT_BUNDLE_IDENTIFIER = "today.myvillage.techne-extensionUITests";
				PRODUCT_NAME = "$(TARGET_NAME)";
				SWIFT_EMIT_LOC_STRINGS = NO;
				SWIFT_VERSION = 5.0;
				TEST_TARGET_NAME = "techne-extension";
			};
			name = Release;
		};
/* End XCBuildConfiguration section */

/* Begin XCConfigurationList section */
		143A73312BEC7917008B46EB /* Build configuration list for PBXProject "techne-extension" */ = {
			isa = XCConfigurationList;
			buildConfigurations = (
				143A73822BEC7918008B46EB /* Debug */,
				143A73832BEC7918008B46EB /* Release */,
			);
			defaultConfigurationIsVisible = 0;
			defaultConfigurationName = Release;
		};
		143A73842BEC7918008B46EB /* Build configuration list for PBXNativeTarget "techne-extension Extension" */ = {
			isa = XCConfigurationList;
			buildConfigurations = (
				143A73852BEC7918008B46EB /* Debug */,
				143A73862BEC7918008B46EB /* Release */,
			);
			defaultConfigurationIsVisible = 0;
			defaultConfigurationName = Release;
		};
		143A73882BEC7918008B46EB /* Build configuration list for PBXNativeTarget "techne-extension" */ = {
			isa = XCConfigurationList;
			buildConfigurations = (
				143A73892BEC7918008B46EB /* Debug */,
				143A738A2BEC7918008B46EB /* Release */,
			);
			defaultConfigurationIsVisible = 0;
			defaultConfigurationName = Release;
		};
		143A738B2BEC7918008B46EB /* Build configuration list for PBXNativeTarget "techne-extensionTests" */ = {
			isa = XCConfigurationList;
			buildConfigurations = (
				143A738C2BEC7918008B46EB /* Debug */,
				143A738D2BEC7918008B46EB /* Release */,
			);
			defaultConfigurationIsVisible = 0;
			defaultConfigurationName = Release;
		};
		143A738E2BEC7918008B46EB /* Build configuration list for PBXNativeTarget "techne-extensionUITests" */ = {
			isa = XCConfigurationList;
			buildConfigurations = (
				143A738F2BEC7918008B46EB /* Debug */,
				143A73902BEC7918008B46EB /* Release */,
			);
			defaultConfigurationIsVisible = 0;
			defaultConfigurationName = Release;
		};
/* End XCConfigurationList section */
	};
	rootObject = 143A732E2BEC7917008B46EB /* Project object */;
}
